
Microsoft Visual Studio Solution File, Format Version 12.00
# Visual Studio Version 17
VisualStudioVersion = 17.9.34714.143
MinimumVisualStudioVersion = 10.0.40219.1
Project("{9A19103F-16F7-4668-BE54-9A1E7A4F7556}") = "intro", "intro\intro.csproj", "{12FD9C36-8238-4097-8FA4-E0DFF0969D9A}"
EndProject
Project("{FAE04EC0-301F-11D3-BF4B-00C04F79EFBC}") = "Entities", "Entities\Entities.csproj", "{882407B3-E247-456A-AD2F-B3F9A387CA2E}"
EndProject
Project("{FAE04EC0-301F-11D3-BF4B-00C04F79EFBC}") = "Business", "Business\Business.csproj", "{301BE633-1A33-4D41-A67B-29C15CDD8948}"
EndProject
Global
	GlobalSection(SolutionConfigurationPlatforms) = preSolution
		Debug|Any CPU = Debug|Any CPU
		Release|Any CPU = Release|Any CPU
	EndGlobalSection
	GlobalSection(ProjectConfigurationPlatforms) = postSolution
		{12FD9C36-8238-4097-8FA4-E0DFF0969D9A}.Debug|Any CPU.ActiveCfg = Debug|Any CPU
		{12FD9C36-8238-4097-8FA4-E0DFF0969D9A}.Debug|Any CPU.Build.0 = Debug|Any CPU
		{12FD9C36-8238-4097-8FA4-E0DFF0969D9A}.Release|Any CPU.ActiveCfg = Release|Any CPU
		{12FD9C36-8238-4097-8FA4-E0DFF0969D9A}.Release|Any CPU.Build.0 = Release|Any CPU
		{882407B3-E247-456A-AD2F-B3F9A387CA2E}.Debug|Any CPU.ActiveCfg = Debug|Any CPU
		{882407B3-E247-456A-AD2F-B3F9A387CA2E}.Debug|Any CPU.Build.0 = Debug|Any CPU
		{882407B3-E247-456A-AD2F-B3F9A387CA2E}.Release|Any CPU.ActiveCfg = Release|Any CPU
		{882407B3-E247-456A-AD2F-B3F9A387CA2E}.Release|Any CPU.Build.0 = Release|Any CPU
		{301BE633-1A33-4D41-A67B-29C15CDD8948}.Debug|Any CPU.ActiveCfg = Debug|Any CPU
		{301BE633-1A33-4D41-A67B-29C15CDD8948}.Debug|Any CPU.Build.0 = Debug|Any CPU
		{301BE633-1A33-4D41-A67B-29C15CDD8948}.Release|Any CPU.ActiveCfg = Release|Any CPU
		{301BE633-1A33-4D41-A67B-29C15CDD8948}.Release|Any CPU.Build.0 = Release|Any CPU
	EndGlobalSection
	GlobalSection(SolutionProperties) = preSolution
		HideSolutionNode = FALSE
	EndGlobalSection
	GlobalSection(ExtensibilityGlobals) = postSolution
		SolutionGuid = {0D44DDE8-EAAA-4EDA-BB49-436A0DBE5FF1}
	EndGlobalSection
EndGlobal
